# Locked linux-64 OpenFF CPU preparation runtime; no solver runs during image builds.
# Generated from the independently exercised 2026-10-01 package set.
# Re-resolve environment.yml deliberately, then rerun chemistry and client qualification.
@EXPLICIT
https://conda.anaconda.org/conda-forge/linux-64/_openmp_mutex-4.5-8_kmp_llvm.conda#b8de006376660eb12c7fc40803c97e1480bf4bc1253f0d59694b12f81b52fe14
https://conda.anaconda.org/conda-forge/noarch/_python_abi3_support-1.0-hd8ed1ab_3.conda#2a7204314663eeda5dec482a956f0e2eaf289bd5b9953eaaaad0e81aa64638f2
https://conda.anaconda.org/conda-forge/linux-64/ambertools-26.0-cuda_None_nompi_py311h232f31e_100.conda#a94fd2d41e7e5273782582d03c8ebe30154fa10b21338f3593a4df63b8b115d3
https://conda.anaconda.org/conda-forge/noarch/annotated-types-0.8.0-pyhd8ed1ab_0.conda#b8fcb994134d3918d1c64a9d62f4168ff85d5bfb89e698102fe4ed679fe0df24
https://conda.anaconda.org/conda-forge/linux-64/arpack-3.9.1-nompi_hf03ea27_102.conda#6d71343420292132be0192ddd962b308f7b8a0a0630d1db83fb9d65e8167c6ce
https://conda.anaconda.org/conda-forge/linux-64/aws-c-auth-0.10.4-h4610da3_2.conda#0c92dc5ddf4edd4038a63adb79f9f0b03f61e9455ce3253b7d2cf708e06ff99e
https://conda.anaconda.org/conda-forge/linux-64/aws-c-cal-0.9.15-h6bbde05_1.conda#6eb21a0129e0aa7c6be733c7f2d1de6bc97a60c8382c1016f19dced722600d73
https://conda.anaconda.org/conda-forge/linux-64/aws-c-common-0.14.3-hb03c661_0.conda#8ea79f36d50ba90d7147fe1a047f9a7f2d33b114a3d4bacf1360cd8df43986e4
https://conda.anaconda.org/conda-forge/linux-64/aws-c-compression-0.3.2-h01ee8f8_5.conda#27f8581573c533a92a1a9619516ebb66d390b9923d296331985cfd342dc32d29
https://conda.anaconda.org/conda-forge/linux-64/aws-c-http-0.11.0-hbe094ff_5.conda#a4a5e24b398e7c0ef64de5a341ecb3f0fa87c2879177695c5d0bcbde0c4f8b5e
https://conda.anaconda.org/conda-forge/linux-64/aws-c-io-0.27.5-h4f381ba_1.conda#76ab4eb6cae12e14244cb1fe11ecccc2f103f8ffa7e80e222099c6b16c19ae20
https://conda.anaconda.org/conda-forge/linux-64/aws-c-s3-0.13.1-h7508075_1.conda#d24f7f34b3b564535b533b17176e71f71b6944aa2cb71813283bece139908d9f
https://conda.anaconda.org/conda-forge/linux-64/aws-c-sdkutils-0.2.7-h01ee8f8_3.conda#b308c393a3db78cef29942c6b83ca7321f86d357fbb47504d59f55254601c87a
https://conda.anaconda.org/conda-forge/linux-64/aws-checksums-0.2.10-h01ee8f8_5.conda#f8d2cd9faccb273df739fc28431b484a90aca10027ef44f7fec1d4f0bd229a76
https://conda.anaconda.org/conda-forge/linux-64/biopython-1.88-py311h0d48ccd_1.conda#ae9bc82d5e3731fd7fcc380c475b1c909de2d702a71c67dfbee3fe3d37d14689
https://conda.anaconda.org/conda-forge/linux-64/blosc-1.21.6-he440d0b_1.conda#e7af5d1183b06a206192ff440e08db1c4e8b2ca1f8376ee45fb2f3a85d4ee45d
https://conda.anaconda.org/conda-forge/linux-64/brotli-1.2.0-h505cf86_4.conda#61b78574f002390b6a7fc79834fc344beaab09550068a51100eea5a485dac741
https://conda.anaconda.org/conda-forge/linux-64/brotli-bin-1.2.0-h9908984_4.conda#ce7db81d5fd4b222ee1a27c52ccf7af44faaf88283017103a8e288f9c372b973
https://conda.anaconda.org/conda-forge/noarch/bson-0.5.10-pyhd8ed1ab_0.conda#b6e73522a3fc2d85e8eef363ff9dfe1d7995770b55968dc7e9e23ebd02f56e84
https://conda.anaconda.org/conda-forge/linux-64/bzip2-1.0.8-hda65f42_10.conda#1a0d382c515ebf55f8ee1f38c8b81bc95af5c2acc42ad53b66bc5df932032f96
https://conda.anaconda.org/conda-forge/linux-64/c-ares-1.34.8-hebe6cf0_2.conda#9c37cc233238adf366ea75b0e845662a5be07ceadf62e458183516369340274b
https://conda.anaconda.org/conda-forge/noarch/ca-certificates-2026.7.22-hbd8a1cb_0.conda#0a0544cf95f64394fe4959286f5c71f5444ad58feb0602e53becb27448d24da6
https://conda.anaconda.org/conda-forge/noarch/cachetools-7.2.0-pyhd8ed1ab_0.conda#f437fbd00e7a357e854b1d59720bb56c5444c427aa3967d9e4a8767c95eeb438
https://conda.anaconda.org/conda-forge/linux-64/cairo-1.18.6-h3c89d7e_0.conda#5d0efc6f9981468aca72897460d9b2d17b74dff72787f20a9d2330e214064515
https://conda.anaconda.org/conda-forge/linux-64/charset-normalizer-3.5.2-h1114479_0.conda#e4f04b45d68716fcc47c808aeacbf165f6f295fb91bd20b91aa38942b8d2cdc6
https://conda.anaconda.org/conda-forge/noarch/click-8.5.0-pyh5ded981_0.conda#9afb0c2c089330321a219c7ee5a25313bd574d4024be606cbb33e7a5735df662
https://conda.anaconda.org/conda-forge/noarch/click-option-group-0.5.9-pyhcf101f3_0.conda#a7918b2c9086f859c5d6572b4c463ad3e39ce50f47dd6f40c6a718eb4bd472ea
https://conda.anaconda.org/conda-forge/noarch/cloudpickle-3.1.2-pyhcf101f3_1.conda#4c287c2721d8a34c94928be8fe0e9a85754e90189dd4384a31b1806856b50a67
https://conda.anaconda.org/conda-forge/linux-64/contourpy-1.3.3-py311h724c32c_4.conda#fd7aca059253cff3d8b0aec71f0c1bf2904823b13f1997bf222aea00a76f3cce
https://conda.anaconda.org/conda-forge/noarch/cpython-3.11.16-py311hd8ed1ab_2.conda#be18e37b4ab19a72b2ceac449e4ad11e5e18756aeb1c2a5b7f8811bff0c2e030
https://conda.anaconda.org/conda-forge/linux-64/cuda-nvrtc-13.4.92-hd2095e1_0.conda#1b5e968f355a723c6376eff6f79a95d67bebca62a255a48198d381c5b1fb3637
https://conda.anaconda.org/conda-forge/noarch/cuda-version-13.4-hfacf21a_3.conda#c75b079579323219d0e1848c3b6dc234c057e60072ecfa4b5678f6d2f99b0b4a
https://conda.anaconda.org/conda-forge/noarch/cycler-0.12.1-pyhcf101f3_2.conda#bb47aec5338695ff8efbddbc669064a3b10fe34ad881fb8ad5d64fbfa6910ed1
https://conda.anaconda.org/conda-forge/linux-64/cyrus-sasl-2.1.28-hac629b4_1.conda#7684da83306bb69686c0506fb09aa7074e1a55ade50c3a879e4e5df6eebb1009
https://conda.anaconda.org/conda-forge/linux-64/eigen-abi-3.4.0.100-h3bcb7cf_2.conda#6060ac3c240bfd079946aa4ba9b4749b4ffecbdc734b14910a44eb9d2ec84d6f
https://conda.anaconda.org/conda-forge/linux-64/fftw-3.3.11-nompi_h3b011a4_100.conda#6fd5d681fba20adaca771f138ac52dbf0a52e0dc2ac31b9ce7406068d102a9a7
https://conda.anaconda.org/conda-forge/noarch/filelock-4.0.7-pyhd8ed1ab_0.conda#cb4f2cf54855e5bf1cecf7a186a25110e12796eb0c177a279eb51ba91a77cdea
https://conda.anaconda.org/conda-forge/noarch/flexcache-0.3-pyh5ded981_2.conda#fc30fd32ab60300e5ea6c15e3a39b3f3124a9236211fbb8bdb99708d3fbfed33
https://conda.anaconda.org/conda-forge/noarch/flexparser-0.4-pyh5ded981_2.conda#0a9caab09609fed3a84c3594b62751b3cd7b0d953a7a631175aa3f2c4052765a
https://conda.anaconda.org/conda-forge/linux-64/fmt-12.1.0-h76c4fd7_1.conda#25d14a197601fdd616f2e501431b52887e69b31e7defbc1679381d718357ceb7
https://conda.anaconda.org/conda-forge/noarch/font-ttf-dejavu-sans-mono-2.37-hab24e00_0.tar.bz2#58d7f40d2940dd0a8aa28651239adbf5613254df0f75789919c4e6762054403b
https://conda.anaconda.org/conda-forge/noarch/font-ttf-inconsolata-3.000-h77eed37_0.tar.bz2#c52a29fdac682c20d252facc50f01e7c2e7ceac52aa9817aaf0bb83f7559ec5c
https://conda.anaconda.org/conda-forge/noarch/font-ttf-source-code-pro-2.038-h77eed37_0.tar.bz2#00925c8c055a2275614b4d983e1df637245e19058d79fc7dd1a93b8d9fb4b139
https://conda.anaconda.org/conda-forge/noarch/font-ttf-ubuntu-0.83-h77eed37_3.conda#2821ec1dc454bd8b9a31d0ed22a7ce22422c0aef163c59f49dfdf915d0f0ca14
https://conda.anaconda.org/conda-forge/linux-64/fontconfig-2.18.3-h4db4eae_1.conda#5a3eb10b18a97223ab06b3a7f0d7f56658db2f2800e2f2af95836fe3bf55ba63
https://conda.anaconda.org/conda-forge/noarch/fonts-conda-ecosystem-1-0.tar.bz2#a997f2f1921bb9c9d76e6fa2f6b408b7fa549edd349a77639c9fe7a23ea93e61
https://conda.anaconda.org/conda-forge/noarch/fonts-conda-forge-1-hc364b38_1.conda#54eea8469786bc2291cc40bca5f46438d3e062a399e8f53f013b6a9f50e98333
https://conda.anaconda.org/conda-forge/linux-64/fonttools-4.66.1-py311h92159aa_0.conda#1cff213361acf91321eeafeddb53926c3252a9908c156a8f7bff289a85114ec0
https://conda.anaconda.org/conda-forge/noarch/freesasa-2.2.1-hd8ed1ab_5.conda#ac83d523dde3ae3aaccd36488dd092ac331b91138b0a9977def9100ae3cdd293
https://conda.anaconda.org/conda-forge/linux-64/freesasa-python-2.2.1-py311h49ec1c0_1.conda#d506835cb4ae52d62687af948256a79050ff0ae362b0ffa7f6c4fc9ed46c5f23
https://conda.anaconda.org/conda-forge/linux-64/freetype-2.14.3-ha770c72_2.conda#612a8e0c1a6ecae23da54d81ef395f6ebb5c8e4468ec2611593ebce75876a4e0
https://conda.anaconda.org/conda-forge/noarch/freetype-py-2.3.0-pyhd8ed1ab_0.tar.bz2#bfa5ddb943992643a2ee2e258507beac2bdb17825e74d05f1bb0b79bb2c924fc
https://conda.anaconda.org/conda-forge/linux-64/fribidi-1.0.17-h7cc23a3_0.conda#3ba79ebfbd14ca5db4affaf10ee8001064e907de5baabc2dbe5bcd9aec856c9f
https://conda.anaconda.org/conda-forge/noarch/fsspec-2026.9.0-pyhd8ed1ab_0.conda#7d17272012e7479ba58f8a72b522d3e88e6837a04a111a278ff417aa82364255
https://conda.anaconda.org/conda-forge/linux-64/gemmi-0.7.5-py311h5b8264c_0.conda#042ec01dd188ae01d5e3432f5eaaa184b61845dace6ef0b9677f18ea31cb8f87
https://conda.anaconda.org/conda-forge/linux-64/gmp-6.3.0-hfd2156b_3.conda#f36c336efc874f346a53a9011f67e997f9faac505562cc18c13b6d399cfe61c7
https://conda.anaconda.org/conda-forge/linux-64/gmpy2-2.3.1-py311hbc40be8_1.conda#8b56942e4905760d01db4f5b0d12a309b3aa0864ef23830727efdc8799dff18a
https://conda.anaconda.org/conda-forge/linux-64/graphite2-1.3.15-h54a6638_1.conda#7fa3b6a9c081fa3e545573152a788d061a0a0ba57df7251cc0f4f75225fc93e7
https://conda.anaconda.org/conda-forge/linux-64/hdf4-4.2.15-h2a13503_7.conda#0d09b6dc1ce5c4005ae1c6a19dc10767932ef9a5e9c755cfdbb5189ac8fb0684
https://conda.anaconda.org/conda-forge/linux-64/hdf5-2.2.0-nompi_hc529623_100.conda#786d126bfb33b923dd1341a92c2a3edd0ff5d0a71db8557fca9324ea4e93d677
https://conda.anaconda.org/conda-forge/linux-64/icu-78.3-py310h44b86e0_2.conda#9f07834f0c546ab14d885ce0366285f61f44e326c0edd1fc63b8294e113ae432
https://conda.anaconda.org/conda-forge/noarch/importlib_resources-7.1.0-pyhd8ed1ab_0.conda#a563a51aa522998172838e867e6dedcf630bc45796e8612f5a1f6d73e9c8125a
https://conda.anaconda.org/conda-forge/noarch/jinja2-3.1.6-pyhcf101f3_1.conda#fc9ca7348a4f25fed2079f2153ecdcf5f9cf2a0bc36c4172420ca09e1849df7b
https://conda.anaconda.org/conda-forge/noarch/joblib-1.6.0-pyhcf101f3_0.conda#96b76ace583404ce4fbc234baa6cdb3de485887913104d4ac51994f9b6656696
https://conda.anaconda.org/conda-forge/linux-64/keyutils-1.6.3-h7cc23a3_1.conda#dd053c96dcb0dcfd59422aefea9d2fe937a190167f34fba7893ec1e10a7e8963
https://conda.anaconda.org/conda-forge/linux-64/kiwisolver-1.5.1-py311h4c6fd42_3.conda#984113fcd6ecce2256c476fca7f2de853f1da8f6eb8fdb42624027708f60ac44
https://conda.anaconda.org/conda-forge/linux-64/krb5-1.22.2-hbc21106_2.conda#2a5c38c85e63df84c4e69ee71439841ce570d259ae3060627bb9a49a938d66f4
https://conda.anaconda.org/conda-forge/linux-64/lcms2-2.19.1-h9073bf1_3.conda#03e675b9adaf235aab880e4133c72f4830e87bc7da2df59d6194771612239b22
https://conda.anaconda.org/conda-forge/linux-64/ld_impl_linux-64-2.46.1-default_hbd61a6d_102.conda#27d83f1188cd19bcb7754a078b3fa7f4cfb8527f8eb2fde54dd01fc529d1adec
https://conda.anaconda.org/conda-forge/linux-64/lerc-4.2.0-hdb68285_0.conda#bf9fdebf55d8bc99d83531cdffda00703f4dc5f93a1a956768c147362c72feda
https://conda.anaconda.org/conda-forge/linux-64/libabseil-20260526.0-cxx17_h0dc7533_2.conda#7bb3d495411b7059e85225aae500d84e7846a4bb02ebd77e4450200b20c180f0
https://conda.anaconda.org/conda-forge/linux-64/libaec-1.1.5-h088129d_0.conda#822e4ae421a7e9c04e841323526321185f6659222325e1a9aedec811c686e688
https://conda.anaconda.org/conda-forge/linux-64/libblas-3.11.0-11_h5875eb1_mkl.conda#3b9862430914d13ae264398340117f80b85720de308f6a80ad463588abe10358
https://conda.anaconda.org/conda-forge/linux-64/libboost-1.86.0-hd24cca6_5.conda#a17ae9fd2af96eac7c29072b3e345ec3c2af42f18e33102633ab4440c1168ef7
https://conda.anaconda.org/conda-forge/linux-64/libboost-python-1.86.0-py311h1d5f577_5.conda#072d7c3bbcbea4d6c1f78bd032ea80416cc339e2bf32f1249ec91bb7308c3fa0
https://conda.anaconda.org/conda-forge/linux-64/libbrotlicommon-1.2.0-h39a168f_4.conda#c4e9854c585f3ee1785f651287ecdf8c28f30a2ea1b159a513005f8a0f6453a3
https://conda.anaconda.org/conda-forge/linux-64/libbrotlidec-1.2.0-ha411449_4.conda#d5ed24da3e583a92227fe77280978b7933f07a39a2b60156c5ad95e5c76733fa
https://conda.anaconda.org/conda-forge/linux-64/libbrotlienc-1.2.0-h018ffa1_4.conda#b9f3cb510337655485c2e79ce5f7dd468991b19ad29723ffa1175a0aed1b69ae
https://conda.anaconda.org/conda-forge/linux-64/libcblas-3.11.0-11_hfef963f_mkl.conda#6ebc9042e96050ddb4d57b666415677164561b8229905c52e6f84defbc884b0f
https://conda.anaconda.org/conda-forge/linux-64/libcufft-12.4.0.43-hd2095e1_0.conda#a1ddcadd2b8ff5f8faea8a88e534a03eeedc60fc9b30f979d6f74d7a70d96a3e
https://conda.anaconda.org/conda-forge/linux-64/libcurl-8.22.0-ha042cf0_0.conda#483b7eb97f56fbb3a9cb7190d33012dfa0a5aaed99ede61465563cd97dd82504
https://conda.anaconda.org/conda-forge/linux-64/libdeflate-1.25-hd45a770_1.conda#82e134c8a08b1eed9a2ed8ab578b89aa1730dcde3dea8dd87645ed0637878e54
https://conda.anaconda.org/conda-forge/linux-64/libedit-3.1.20250104-pl5321h373387f_1.conda#6473eb8caf2aae830f37caa93db9b26dddf7ac84b63229e8bf7fc0e5c3ab95b0
https://conda.anaconda.org/conda-forge/linux-64/libev-4.33-h280c20c_3.conda#e4418f68d01a6307c4431b585c71b584f40189877364e542ee87deb777f5e85b
https://conda.anaconda.org/conda-forge/linux-64/libexpat-2.8.5-hd2095e1_0.conda#6de73033a7c5f712c9c5a54124e4581e025691029835e5bceaf10a333a7e7bc0
https://conda.anaconda.org/conda-forge/linux-64/libffi-3.7.0-h81df57d_1.conda#c8c7583ef063bc3c430f1d48298e5ad24f796a35c22ed5b14183325825a61106
https://conda.anaconda.org/conda-forge/linux-64/libfreetype-2.14.3-ha770c72_2.conda#fb12ecb46c30d18d928c0e8fc346ab13b5f6fc8a9cacae4f2f4bb188782586f5
https://conda.anaconda.org/conda-forge/linux-64/libfreetype6-2.14.3-h5e6c136_2.conda#ec607dd5445dd17ff6bf8b7fe6832e5504c226dd91d3aaea7ba83569808b0ce4
https://conda.anaconda.org/conda-forge/linux-64/libgcc-16.2.0-ha9f2e26_7.conda#e031634c3a928f9594eba868bc46ef5230d6571a364a0c63215b06c4563bfcea
https://conda.anaconda.org/conda-forge/linux-64/libgcc-ng-16.2.0-h69a702a_7.conda#03b54d7008de080a17cc2174b0e4acd6d06e1c981b2eb19846f46d8f59966034
https://conda.anaconda.org/conda-forge/linux-64/libgfortran-16.2.0-h69a702a_7.conda#9682ae4dd11487e10b904b3cb3ab6379cad25233d45fdfdf90d54349df244494
https://conda.anaconda.org/conda-forge/linux-64/libgfortran5-16.2.0-h6b99dfc_7.conda#04dbab12c925b92977bb835dd2f5eda413607afa79f95a554e5a04b07a380322
https://conda.anaconda.org/conda-forge/linux-64/libglib-2.90.0-h569388d_0.conda#9e688e046550415c030c3d08ed9a3fd13a51d7bc56295283b858b6c3070bb9f8
https://conda.anaconda.org/conda-forge/linux-64/libgomp-16.2.0-he0feb66_7.conda#92a0bb350c7be6a4eedcb4e111c60aefd176018e6b1c009a6e025dbe9bbcd758
https://conda.anaconda.org/conda-forge/linux-64/libharfbuzz-14.5.0-h23af247_0.conda#4e1522841eb5a5ab5a152ea9e2c1db4ec7919ab3c8991354367db9e8902e6111
https://conda.anaconda.org/conda-forge/linux-64/libhwloc-2.15.0-default_hd7c4d0c_1001.conda#a140f8b94caad6ea27e9deba66a74ae2566976591db8a867677c652add6ee5a0
https://conda.anaconda.org/conda-forge/linux-64/libiconv-1.18-h0cb94f2_3.conda#f943117edb9cd4d9c61cc972eee5a34291dc55ea7a6e9e38da104995841cbcb6
https://conda.anaconda.org/conda-forge/linux-64/libjpeg-turbo-3.2.0-hb03c661_1.conda#bba8538e6538ed58a8479b332337b96986561f975d06cfa2039a016c2d246ee4
https://conda.anaconda.org/conda-forge/linux-64/liblapack-3.11.0-11_h5e43f62_mkl.conda#7b80fc195419463533262b9d327c75559dd820251902e3fa41cce02a3b23bb5b
https://conda.anaconda.org/conda-forge/linux-64/libllvm21-21.1.8-h474f4eb_1.conda#b007641e1da9de002af0518b89b07d4c59e513a6f465c9da86f24685ef86cc8b
https://conda.anaconda.org/conda-forge/linux-64/liblzma-5.8.3-hb03c661_1.conda#9787df8c22a59c9a70d3e5a10db9ad663485e75e9ccc3f09bd092cb7b95e0dab
https://conda.anaconda.org/conda-forge/linux-64/libnetcdf-4.10.1-nompi_he3e3c8e_201.conda#a75ac995ccb9fefae463b317727affc528ace00e9dbde786fb51867f36ee2d8e
https://conda.anaconda.org/conda-forge/linux-64/libnghttp2-1.68.1-h74cf4be_1.conda#11a2f54a6f391e25738bce0023e6ef499600147bbcf21c1fa69d2e251b03cc6a
https://conda.anaconda.org/conda-forge/linux-64/libnsl-2.0.1-hb9d3cd8_1.conda#927fe72b054277cde6cb82597d0fcf6baf127dcbce2e0a9d8925a68f1265eef5
https://conda.anaconda.org/conda-forge/linux-64/libntlm-1.8-hb9d3cd8_0.conda#3b3f19ced060013c2dd99d9d46403be6d319d4601814c772a3472fe2955612b0
https://conda.anaconda.org/conda-forge/linux-64/libpng-1.6.59-h922cc85_0.conda#c7381be8ef713501f6cd2f5ad473e401f2edeaec3c46788296b8dbf0de165e15
https://conda.anaconda.org/conda-forge/linux-64/libpq-18.6-h3883810_2.conda#d3bbeb25090fc9f75b97ca0de934a7c75dcbe8d14eda6a1f757ebe9ceb581feb
https://conda.anaconda.org/conda-forge/linux-64/libprotobuf-7.35.1-h622638d_3.conda#37c51fbc936a6bb8bf5f67c8f056edacaaa41e8603738bc8a4dee186292bb114
https://conda.anaconda.org/conda-forge/linux-64/libpsl-0.23.1-hd9e3e90_1.conda#09e8effdc89bc5d021349318d32b85594f5b8d8e3ab8f90a85b81f8fe695a566
https://conda.anaconda.org/conda-forge/linux-64/libpython-3.11.16-h0c77377_2_cpython.conda#9c945fbdc2292a8a39e412cb99672722c60ddf38b9002a52d5bd5954a0b25844
https://conda.anaconda.org/conda-forge/linux-64/libraqm-0.11.0-h6406941_0.conda#ab3ccb9fd5816f76b18ee8974d359cd2605ca87d8ddef55369dc461b9986f95c
https://conda.anaconda.org/conda-forge/linux-64/librdkit-2026.03.1-h4dfd318_0.conda#4cf03826e71543bb259781db03884641dc60a7ccb66dbda51f0a4a836003f241
https://conda.anaconda.org/conda-forge/linux-64/libsqlite-3.53.4-h13e7031_1.conda#f20d70da54e5b31dd4a51fb1efeaafafd5ab6dd8d7ac9d1438eaa2526ac4ed3d
https://conda.anaconda.org/conda-forge/linux-64/libssh2-1.11.1-h6154650_1.conda#7e463000fa1cba3f3a6597b776f6ab301d425a96e3bc20d0d9d76a3b9f237aa3
https://conda.anaconda.org/conda-forge/linux-64/libstdcxx-16.2.0-h934c35e_7.conda#fa7018298629fc429971fffd6ecba3d27a7b02e4e890d6a93ea01ffebe8cb745
https://conda.anaconda.org/conda-forge/linux-64/libstdcxx-ng-16.2.0-hdf11a46_7.conda#337f481db36cc357884f05f404ccd1b3a7e0fc1ee48ec5c884e4281d213bc863
https://conda.anaconda.org/conda-forge/linux-64/libtiff-4.7.2-hcc2c06a_1.conda#10e125da82ca93e09191e66e5a94d566b2cf8d4024e2a0db3a9114297447e0d9
https://conda.anaconda.org/conda-forge/linux-64/libtorch-2.13.0-cpu_mkl_h40bd1c6_102.conda#5c2eecda8a606b5616b724633b395d5adfb1aa5302356a13e36030b6b11fe237
https://conda.anaconda.org/conda-forge/linux-64/libuuid-2.42.4-hcfc3c73_0.conda#f34b8d1de9a2bf62476d8608057d9b8a918d97444236dc53a47128f2fae79041
https://conda.anaconda.org/conda-forge/linux-64/libuv-1.52.1-h280c20c_1.conda#67761d0206f84140047a367eaf9befe03a7e157a29ee25aee0047b40801cc6b6
https://conda.anaconda.org/conda-forge/linux-64/libwebp-base-1.6.0-hd42ef1d_1.conda#8415001414f488c85b72b9d8cc2071dfb3981a47bc3c8eb56ef91a57d12eae7f
https://conda.anaconda.org/conda-forge/linux-64/libxcb-1.17.0-hb83e432_2.conda#7b49e6fd2a584b7f072943e6adf4149677af5121246975278804782d37752837
https://conda.anaconda.org/conda-forge/linux-64/libxcrypt-4.4.38-h280c20c_0.conda#f7e9292dd219a6435bbb1223da9586c3e70d66d169c5a92f08db3f2127df04e9
https://conda.anaconda.org/conda-forge/linux-64/libxml2-2.15.4-h7df9aa5_0.conda#053d85821ce5e36b7ce03faea5930382f6af695df9e2cd68e5d8d273072d1551
https://conda.anaconda.org/conda-forge/linux-64/libxml2-16-2.15.4-hf3af7cc_0.conda#9a1685c8d8b8488cd7882a9cd6e673e687211ca763ebbcd1e91b6f594eeadc45
https://conda.anaconda.org/conda-forge/linux-64/libzip-1.11.4-h6008cf6_0.conda#d89ef092620b9bf4e82871870c5a08aecf2a7fc441b23b37cae9a62e30ed670c
https://conda.anaconda.org/conda-forge/linux-64/libzlib-1.3.2-h25fd6f3_3.conda#eb8a0db0aa570124f7d2a93d7c7f596e3390df5e047818d873baad32985fc736
https://conda.anaconda.org/conda-forge/noarch/lightning-utilities-0.15.3-pyhd8ed1ab_0.conda#97dcff433510cfb92f775f6c5da4e18d19ff70d8921187dae0725158946fb3e5
https://conda.anaconda.org/conda-forge/linux-64/llvm-openmp-23.1.2-h7148c6a_0.conda#292606e3a17fcf98db940d3ee6e723f84f4c6fb0104a6a69cd95043a7794eef0
https://conda.anaconda.org/conda-forge/linux-64/llvmlite-0.50.0-py311h1369f55_0.conda#2b25c85eb51a9841c8ba56cef0206fa0b1672546917fc57e0022387eea856a2f
https://conda.anaconda.org/conda-forge/linux-64/lz4-c-1.10.0-hee9eb32_2.conda#b8c0e930183e6b7f83cd35ace102f2b8c2f0faae41dc05255dc72f247dfc556a
https://conda.anaconda.org/conda-forge/noarch/markdown-it-py-4.2.0-pyhd8ed1ab_0.conda#0c4c35376fe920714390d46e4b8d31c876d65f18e1655899e0763ec25f2a902f
https://conda.anaconda.org/conda-forge/linux-64/markupsafe-3.0.3-py311h3778330_1.conda#710e207b2e91308a34bcfe547c60ad86c1fa294827266ba18548c1fe1a9d8333
https://conda.anaconda.org/conda-forge/linux-64/matplotlib-base-3.11.2-py311hfea5af0_1.conda#7f56a4de19b74ea17fa0594dbb5b78b8a56d3835a8d01e721939ce2d2a977db7
https://conda.anaconda.org/conda-forge/noarch/mda-xdrlib-0.2.0-pyhd8ed1ab_1.conda#d35c53a76385e92ca2534af47372dc4116ab7be7c4f769e00c0876561d951395
https://conda.anaconda.org/conda-forge/noarch/mdurl-0.1.2-pyhd8ed1ab_1.conda#78c1bbe1723449c52b7a9df1af2ee5f005209f67e40b6e1d3c7619127c43b1c7
https://conda.anaconda.org/conda-forge/linux-64/mkl-2026.1.0-hd2095e1_245.conda#a2699b4db5f93ae7211249f5b8df4981c22765c392cc6d34c18d76994fe3b327
https://conda.anaconda.org/conda-forge/linux-64/mpc-1.4.0-ha2cb11d_1.conda#3d56733fe0f44159787ad086d5e7bdab8b69e6a5a9b6b873a8beb3519f3d8d07
https://conda.anaconda.org/conda-forge/linux-64/mpfr-4.2.2-ha2cb11d_1.conda#0be79ef2ee536e0c5d3ddb4a52bbae9f26d08560623299f33db2f4c4a17c525a
https://conda.anaconda.org/conda-forge/noarch/mpmath-1.4.1-pyhd8ed1ab_0.conda#5bbf2f8179ec43d34d67ca8e4989d216c1bdb4b749fe6cb40e86ebf88c1b5300
https://conda.anaconda.org/conda-forge/noarch/munkres-1.1.4-pyhd8ed1ab_1.conda#d09c47c2cf456de5c09fa66d2c3c5035aa1fa228a1983a433c47b876aa16ce90
https://conda.anaconda.org/conda-forge/noarch/narwhals-2.26.0-pyh5ded981_0.conda#54b91bd1aa1687b92f9e2fa5169bbf9f2bc1c428179109dd9e9fcc6b2e8c9479
https://conda.anaconda.org/conda-forge/linux-64/ncurses-6.6-hdb14827_1.conda#5d46557214ed184381dafe835b7c94a474a1c3b307a08a250b1ea4779b44ffb3
https://conda.anaconda.org/conda-forge/linux-64/netcdf-fortran-4.6.4-nompi_h52816da_101.conda#2cfd22d5e29f50b98be6724e6f64eaf0bdc96e2369543c7d430e33f34a465857
https://conda.anaconda.org/conda-forge/noarch/networkx-3.6.1-pyhcf101f3_0.conda#f6a82172afc50e54741f6f84527ef10424326611503c64e359e25a19a8e4c1c6
https://conda.anaconda.org/conda-forge/linux-64/nlopt-2.11.0-np2py311h1a37cdc_2.conda#c14425f704cf2daead46d5fddccca6cc0a91319808b0564f4fd314821f84524e
https://conda.anaconda.org/conda-forge/linux-64/numba-0.68.0-py311hdfc3925_1.conda#e035991ad9d6d23ffcdc563061b0b3beb3950e257f60589296a10a040603156f
https://conda.anaconda.org/conda-forge/linux-64/numpy-2.4.6-py311h2e04523_0.conda#8e8fb64c1a51282e8940d57d116aec54a4d66da59594973ae9c0b35d419b9a81
https://conda.anaconda.org/conda-forge/linux-64/ocl-icd-2.3.4-hb03c661_1.conda#75f3bf733523a338f73d6c276c4a26634877cd970edb558f2769d9fa52b100a9
https://conda.anaconda.org/conda-forge/linux-64/ocl-icd-system-1.0.0-1.tar.bz2#cb0ce5ce5ede1be2fd9edf88abd3ce3e6c2b7397c0283d623e4d8ccf96a1ed09
https://conda.anaconda.org/conda-forge/linux-64/onednn-3.12-omp_h83de36e_0.conda#0555c7f54e7192b30412cdb462adcf2151153c03fc9f20c0d6846a9381efea56
https://conda.anaconda.org/conda-forge/linux-64/opencl-headers-2025.06.13-hecca717_0.conda#8de2f0cd8a659b01abf86e7fbb8cea4f28ada62fd288429a2bbc040db1b98dd0
https://conda.anaconda.org/conda-forge/noarch/openff-amber-ff-ports-2025.09.0-pyhd8ed1ab_0.conda#a437b074cb53a94275ea2d8294776115780a9b9177acdf0dac658887e61e69b0
https://conda.anaconda.org/conda-forge/noarch/openff-forcefields-2026.01.0-pyhd8ed1ab_0.conda#0ddbef322b893062565e91218689a9ffff1380f6742df12d783ce63b49325c57
https://conda.anaconda.org/conda-forge/noarch/openff-interchange-0.5.2-pyhd8ed1ab_1.conda#f3f69e20659c35fa20269d5284f0951f2929e43f95906f4f6b2d3febd3bca9ee
https://conda.anaconda.org/conda-forge/noarch/openff-interchange-base-0.5.2-pyhd8ed1ab_1.conda#0c22b9e20581bab03d5965eebcb0b5920ddd65d52d524fb2c42c040c27083f73
https://conda.anaconda.org/conda-forge/noarch/openff-nagl-0.5.5-pyh3fa9b46_2.conda#cadee650c8e37f677af3e4fb2da76ae64f12511f8b1b6952a90eeb6fd68d41b3
https://conda.anaconda.org/conda-forge/noarch/openff-nagl-base-0.5.5-pyhc364b38_2.conda#a0f3d4cd4fa07f1cf8da199836c55aad420fd391c428f491d1960257cbf9d350
https://conda.anaconda.org/conda-forge/noarch/openff-nagl-models-2025.9.0-pyhd8ed1ab_1.conda#0bb342e22d1fb8e869769d7f9ffcdc8b653646b9468671df71024a026d375910
https://conda.anaconda.org/conda-forge/noarch/openff-toolkit-0.18.0-pyhd8ed1ab_6.conda#224300e5a1f81528cbe8dbddb3cb7fbbd29c582cae69fe4a2002f0204426c190
https://conda.anaconda.org/conda-forge/noarch/openff-toolkit-base-0.18.0-pyhd8ed1ab_6.conda#902026623f996f924cc13e3e383bdb907900c4f081e459c32296f4159d6bd908
https://conda.anaconda.org/conda-forge/noarch/openff-units-0.3.2-pyhd8ed1ab_0.conda#ce06098d58e12bbcdae73a5eb62556b59a0b39b01518ee61fd2713b7fb5948d4
https://conda.anaconda.org/conda-forge/noarch/openff-utilities-0.1.18-pyh5ded981_0.conda#341cbbc8684e99d9f7a3d9ae52c9d6fea8899fa36bb6f569747a8e0921a32262
https://conda.anaconda.org/conda-forge/linux-64/openjpeg-2.5.4-heb1ab33_2.conda#131688a88bea8da92fe418c4558c5073435e2848911bc4c836c3a9dd5994b4aa
https://conda.anaconda.org/conda-forge/linux-64/openldap-2.6.13-hbde042b_0.conda#21c4f6c7f41dc9bec2ea2f9c80440d9a4d45a6f2ac13243e658f10dcf1044146
https://conda.anaconda.org/conda-forge/linux-64/openmm-8.6.1-py311h1aadaef_0.conda#b2991b5a184b9b6c018569fcf6da30dfb2d999d9c840603ee7d158a663074183
https://conda.anaconda.org/conda-forge/linux-64/openssl-3.6.4-h781a0a9_0.conda#4747b2d6a8336f52343bceb8a1ebf41a9e6e665b9d2e3f989972de53a310599e
https://conda.anaconda.org/conda-forge/linux-64/optree-0.20.0-py311h5f908af_1.conda#54cc90a5fb8f4895ab4bcf7c7f29fa0a65fc7fef8f7c16202e48f793744397f9
https://conda.anaconda.org/conda-forge/noarch/packaging-26.3-pyhc364b38_0.conda#c432626b16768b8dab228bfb706f7060c2d462a21c516d240f68f2f902b5a044
https://conda.anaconda.org/conda-forge/linux-64/pandas-3.0.6-np2py311h1e9b377_0.conda#85459025d8f749316df29ab837729155d8c54c48af2953ff6226107a7e4c1c9f
https://conda.anaconda.org/conda-forge/linux-64/parmed-4.3.1-py311h74232ed_1.conda#63674546498c9f6a19137af9da07f402f5e1f177d4adf5c52a2c030757dc1702
https://conda.anaconda.org/conda-forge/linux-64/pcre2-10.47-h8b3dc9c_1.conda#9ebb10a4eb3be51ae67d85c679f5a7a50cb040ed25c783e6331a225ea09991d4
https://conda.anaconda.org/conda-forge/linux-64/perl-5.44.0-1_h7cc23a3_perl5.conda#43afad1c27c24ccc40d98461ab7e1648ccac876421a8783167861ae19c4edc83
https://conda.anaconda.org/conda-forge/linux-64/pillow-12.3.0-py311hf303fd3_4.conda#9c57ee7a671ac44c94e79392f2030f4f55f5dc11c685a8e4dcc8ca3ef225f65b
https://conda.anaconda.org/conda-forge/noarch/pint-0.25.3-pyhc364b38_0.conda#f58a03dd2908c15dc65fab7e03a0212c69043466f7f85a4e345470492841782f
https://conda.anaconda.org/conda-forge/noarch/pip-26.2.1-pyh8b19718_0.conda#c205bae42eb11b364fe3663a817cbcbc20a8ef544c6b2ff6f391013487117259
https://conda.anaconda.org/conda-forge/linux-64/pixman-0.46.4-h54a6638_3.conda#829d8288764282de5a9f7b9169acb75cc7dc0b6c3fe2535cfe87dea3436bbc5d
https://conda.anaconda.org/conda-forge/noarch/platformdirs-4.12.2-pyh5ded981_0.conda#f23f022bbbf809cd248940eca853d1132f05752e0404984cde7b014fd6384c97
https://conda.anaconda.org/conda-forge/linux-64/psutil-7.2.2-py311h194be0f_3.conda#5733fbcaf4f5575051342b872de15e8589bb922c6b037d2d9425e86638ed2f1f
https://conda.anaconda.org/conda-forge/linux-64/pthread-stubs-0.4-h7cc23a3_1004.conda#4a44fd00ea73b79ca2c89b0727b9ccf61c506ead71e67a9abfa4c590042b5a4a
https://conda.anaconda.org/conda-forge/noarch/pybind11-3.0.4-pyh293190f_0.conda#f213f735f0c2b9bfcc1358c8bdeb0dfcf3614bf2c47aad68227dabea99b0e0d7
https://conda.anaconda.org/conda-forge/noarch/pybind11-abi-11-hc364b38_1.conda#9e7fe12f727acd2787fb5816b2049cef4604b7a00ad3e408c5e709c298ce8bf1
https://conda.anaconda.org/conda-forge/noarch/pybind11-global-3.0.4-pyh648e204_0.conda#25e887672e68188a5fa899efdc116acb01d689989493342aac05781ec1f09b81
https://conda.anaconda.org/conda-forge/linux-64/pycairo-1.29.1-py311h616d719_2.conda#9f401dfa5ecc44ced1cc4e8b7385213f245d70672a257b24e19faa2f01126985
https://conda.anaconda.org/conda-forge/noarch/pydantic-2.11.10-pyh3cfb1c2_0.conda#26779821ba83b896f319837d7c5301cc244dee41b311d2bd57cbd693ed9e43ef
https://conda.anaconda.org/conda-forge/linux-64/pydantic-core-2.33.2-py311h902ca64_1.conda#d4d6f2369c54dcede311458dc7f313871d76ea20feeb62dea4debf734fec30f6
https://conda.anaconda.org/conda-forge/noarch/pyedr-0.8.0-pyhd8ed1ab_1.conda#de95768c61325511ff2b477398ba57ea513c4052faab905a02784bb1f35bb550
https://conda.anaconda.org/conda-forge/noarch/pygments-2.21.0-pyhcf101f3_0.conda#f5f015ff1bc3e1b7fc08eee096b1865234189ae0b82bebdb86a5369116e42fa0
https://conda.anaconda.org/conda-forge/noarch/pyparsing-3.3.3-pyh5ded981_0.conda#dc10d64d4b9a1310083b2f563416ab45560ee2a04fd6baab40f223f2b1ab37bc
https://conda.anaconda.org/conda-forge/linux-64/python-3.11.16-h5f976f7_2_cpython.conda#35375a255970809e8b0a1c744d56533f4da5339769ef5f5a24fe165ca321fcf3
https://conda.anaconda.org/conda-forge/noarch/python-constraint-1.4.0-pyhff2d567_1.conda#953ae7a61c363fb57076f141c9c8def2e3767f11884165f6c4a2cccfb4d8b159
https://conda.anaconda.org/conda-forge/noarch/python-dateutil-2.9.0.post0-pyhe01879c_2.conda#d6a17ece93bbd5139e02d2bd7dbfa80bee1a4261dced63f65f679121686bf664
https://conda.anaconda.org/conda-forge/noarch/python-gil-3.11.16-hd8ed1ab_2.conda#caec48ea90cf78622e923366d405ec29a419d916cb1690c2319ef76f984b9233
https://conda.anaconda.org/conda-forge/noarch/python_abi-3.11-9_cp311.conda#bcfbad269758f4617035314fe379ee655bc2d9db5282e7a00d61450b7cefa3cf
https://conda.anaconda.org/conda-forge/linux-64/pytorch-2.13.0-cpu_mkl_py311_h249fa5d_102.conda#85d39d440e6893377b5c4d34740b005766b3610c87263322e1d8858c1622b147
https://conda.anaconda.org/conda-forge/noarch/pytorch-lightning-2.6.6-pyh5ded981_0.conda#3a9ed89b72fc9835f4ce2ceeec1c453a7498136ba2196ab1960bfbb152d2a485
https://conda.anaconda.org/conda-forge/linux-64/pyyaml-6.0.3-py311h3778330_1.conda#c9a6cd2c290d7c3d2b30ea34a0ccda30f770e8ddb2937871f2c404faf60d0050
https://conda.anaconda.org/conda-forge/linux-64/qhull-2020.2-h434a139_5.conda#776363493bad83308ba30bcb88c2552632581b143e8ee25b1982c8c743e73abc
https://conda.anaconda.org/conda-forge/linux-64/rdkit-2026.03.1-py311h34e1bb8_0.conda#682a316699f954aa3584a80631d5a6f74ec0e6472553e52d74d0d45312a294d7
https://conda.anaconda.org/conda-forge/linux-64/readline-8.3-hd6e31c0_1.conda#01b3fe073a66e321970d09e04b388708f8cbdca5cdfbfcb7c9eeb470ad10383d
https://conda.anaconda.org/conda-forge/noarch/reportlab-5.0.1-pyhc364b38_0.conda#5e4446c2d2c005ea73f80fddd53476804f397979dd1df3fce2756dadd63145e7
https://conda.anaconda.org/conda-forge/noarch/rich-15.0.0-pyhcf101f3_0.conda#3d6ba2c0fcdac3196ba2f0615b4104e532525ffa1335b50a2878be5ff488814a
https://conda.anaconda.org/conda-forge/noarch/rlpycairo-0.4.0-pyh6c17108_0.conda#8d993b1a7d869855a1f6358dcc3de08dbeda9263d8c852d44bfc3900701c1e6c
https://conda.anaconda.org/conda-forge/linux-64/rocm-core-7.2.4-h54a6638_1.conda#18a0c2866a4566e5033ecb264815c502c8f223b9199bbfdbf6e4f47ca05a9590
https://conda.anaconda.org/conda-forge/linux-64/s2n-1.7.6-h7e3ee7f_0.conda#1e1ccc56fdf3fe82150b4eac1d626c806e612af208fbf40ce3abfe9a2eb2a626
https://conda.anaconda.org/conda-forge/linux-64/scikit-learn-1.9.1-np2py311h1e9b377_1.conda#2edc09c7d3c06898bb1c1061210ed9f4e04d6dc38d2f569c1463bbdbfe990cf5
https://conda.anaconda.org/conda-forge/linux-64/scipy-1.17.1-py311hbe70eeb_1.conda#3ae2ff1d1cc5930de2ca6ac03216118bdf13b2af6098e28e827f1ba25bfcbc4e
https://conda.anaconda.org/conda-forge/noarch/setuptools-81.0.0-pyh332efcf_0.conda#6ecf738d5590bf228f09c4ecd1ea91d811f8e0bd9acdef341bc4d6c36beb13a3
https://conda.anaconda.org/conda-forge/noarch/six-1.17.0-pyhe01879c_1.conda#458227f759d5e3fcec5d9b7acce54e10c9e1f4f4b7ec978f3bfd54ce4ee9853d
https://conda.anaconda.org/conda-forge/linux-64/sleef-3.9.0-ha0421bc_0.conda#57afc2ab5bdb24cf979964018dddbc5dfaee130b415e6863765e45aed2175ee4
https://conda.anaconda.org/conda-forge/linux-64/snappy-1.2.2-h34e00bb_2.conda#8635d10c7f127808b09c0c8e77b21a255829e0934e49326548c949f7e0551f09
https://conda.anaconda.org/conda-forge/linux-64/sqlalchemy-2.1.1-py311h194be0f_0.conda#759c86197e55bd6a0a4c80bb45e8ccee87da870060083236306da315250c06c7
https://conda.anaconda.org/conda-forge/noarch/sympy-1.14.0-pyh2585a3b_106.conda#1c8057e6875eba958aa8b3c1a072dc9a75d013f209c26fd8125a5ebd3abbec0c
https://conda.anaconda.org/conda-forge/linux-64/tbb-2023.1.0-haa8c3ee_2.conda#5e47c01ea6c2bea041b78b4e45b3135b80bfc015533ec44e4c2d2326a755f8ba
https://conda.anaconda.org/conda-forge/noarch/threadpoolctl-3.7.0-pyhc455866_0.conda#a32d17fe979e59fe1295875b5d4f0431a76dfbbfcee5b01e657a8aa3c4a1b5d1
https://conda.anaconda.org/conda-forge/linux-64/tk-8.6.13-noxft_h1df4ec4_4.conda#a1a241d172c1ccab067ba245206dd048bc3c2d1b84504b53c9468e99adfc16a1
https://conda.anaconda.org/conda-forge/noarch/torchmetrics-1.9.0-pyhd8ed1ab_0.conda#5ec00585734d54e3f36dc51fc9d48af19756b473391312fee38a4c287263c402
https://conda.anaconda.org/conda-forge/noarch/tqdm-4.70.1-pyhfa0c392_0.conda#7c40c84de3de3624c2a753496122dbb880903c796d183e9d4be6c15c310c4bab
https://conda.anaconda.org/conda-forge/noarch/typing-extensions-4.16.0-h69aa097_0.conda#b141933ece3518f6d7b75dfb59451e2f26b405a44c18e2518a83e9a02e09315c
https://conda.anaconda.org/conda-forge/noarch/typing-inspection-0.4.4-pyhcf101f3_0.conda#293c66b208468d186a94ff486c2ffbf67859a2bde8c88e965fc9d06c517191b2
https://conda.anaconda.org/conda-forge/noarch/typing_extensions-4.16.0-pyhcf101f3_0.conda#2d888f90af0686044882c74193ec80a90ec1943145d94a7b1b048958acda1848
https://conda.anaconda.org/conda-forge/noarch/tzdata-2026c-h151e31d_0.conda#b928c30ddcb0e3f544c6eade8352737e6e610e263276b90232db6a578ef899d8
https://conda.anaconda.org/conda-forge/linux-64/unicodedata2-18.0.0-py311h0d48ccd_0.conda#c8dce6fd51ed3a8ac9f600939ada429691b09c00bf651e611e221a900c16c2ec
https://conda.anaconda.org/conda-forge/noarch/wheel-0.48.0-pyhd8ed1ab_0.conda#ba64b29b6d418024cb565081a1799262cb2780d2534ff4c14f76aa858c4286cd
https://conda.anaconda.org/conda-forge/noarch/xmltodict-1.0.2-pyhcf101f3_0.conda#5001a8b0a26810f5b8e20a05bca8cd458b0f6dcfbe00bf648aec017b1fd341f1
https://conda.anaconda.org/conda-forge/linux-64/xorg-libice-1.1.2-h280c20c_0.conda#49b532d1df875c6749d9078b56a76f3f5db49a5abe0ca620b593ed474ef0ebf1
https://conda.anaconda.org/conda-forge/linux-64/xorg-libsm-1.2.6-h0d788c3_1.conda#ef907caee0665cf3b0f775602cc50e388e3bade8ce22ecade0873ff26604b2fd
https://conda.anaconda.org/conda-forge/linux-64/xorg-libx11-1.8.13-he1eb515_1.conda#68053eebfa9f0d91666786c8fb5839d989aa9b869add92cb8815228bb2d7302c
https://conda.anaconda.org/conda-forge/linux-64/xorg-libxau-1.0.12-h7cc23a3_2.conda#3ec065b94554dc48a4ca582a960a5484bc166b26e83ce0954653e08d17e8bd53
https://conda.anaconda.org/conda-forge/linux-64/xorg-libxdmcp-1.1.5-h7cc23a3_2.conda#8a095df9bc1d2e50f2504ce8858a047ae29ea634aad6cc0b43298c63361da6d9
https://conda.anaconda.org/conda-forge/linux-64/xorg-libxext-1.3.7-h7cc23a3_1.conda#aa9bbe8b278aacc194e280ff5037f9f9a1f2c5b33ed97de8e7f01cfbe90dda43
https://conda.anaconda.org/conda-forge/linux-64/xorg-libxrender-0.9.12-hb03c661_1.conda#6901f91d398811e4ec89d7e20a69abac02a7bfebfaf073338b7ea3d1a99685b7
https://conda.anaconda.org/conda-forge/linux-64/xorg-libxt-1.3.1-h7cc23a3_1.conda#dff31677674be86f98ee929a796edf2cf7c78bf38610b122a63af9af752d5bf7
https://conda.anaconda.org/conda-forge/linux-64/yaml-0.2.5-hebe6cf0_3.conda#d164dfa75ecd538f6fd68765defcc06aa875bc697b9b215362d79a2a73125dd0
https://conda.anaconda.org/conda-forge/noarch/zipp-4.1.0-pyhcf101f3_0.conda#210bd31c22bb88f5e2a167df24c95bb5f152b2ada7502f9b8c49d1f5366db423
https://conda.anaconda.org/conda-forge/linux-64/zlib-ng-2.3.3-hce19668_1.conda#8b786bb4380fa69a718b08a400040b865bc9207eda337e0a1955717c3c3a9403
https://conda.anaconda.org/conda-forge/linux-64/zstd-1.5.7-hb78ec9c_7.conda#47d682b9f6d6ec9eb1a6e6c3e75ea6273e899e78fb7fc59f81d39745009fbc60
